
Microsoft Visual Studio Solution File, Format Version 12.00
# Visual Studio Version 17
VisualStudioVersion = 17.11.35219.272
MinimumVisualStudioVersion = 10.0.40219.1
Project("{9A19103F-16F7-4668-BE54-9A1E7A4F7556}") = "TestXML", "TestXML.csproj", "{DB953140-CBC1-46E0-886B-875B87B92D4E}"
EndProject
Project("{FAE04EC0-301F-11D3-BF4B-00C04F79EFBC}") = "TestXML.Tests", "..\TestXML.Tests\TestXML.Tests.csproj", "{38C765AE-272C-4207-8450-DCE36F53C063}"
EndProject
Global
	GlobalSection(SolutionConfigurationPlatforms) = preSolution
		Debug|Any CPU = Debug|Any CPU
		Release|Any CPU = Release|Any CPU
	EndGlobalSection
	GlobalSection(ProjectConfigurationPlatforms) = postSolution
		{DB953140-CBC1-46E0-886B-875B87B92D4E}.Debug|Any CPU.ActiveCfg = Debug|Any CPU
		{DB953140-CBC1-46E0-886B-875B87B92D4E}.Debug|Any CPU.Build.0 = Debug|Any CPU
		{DB953140-CBC1-46E0-886B-875B87B92D4E}.Release|Any CPU.ActiveCfg = Release|Any CPU
		{DB953140-CBC1-46E0-886B-875B87B92D4E}.Release|Any CPU.Build.0 = Release|Any CPU
		{38C765AE-272C-4207-8450-DCE36F53C063}.Debug|Any CPU.ActiveCfg = Debug|Any CPU
		{38C765AE-272C-4207-8450-DCE36F53C063}.Debug|Any CPU.Build.0 = Debug|Any CPU
		{38C765AE-272C-4207-8450-DCE36F53C063}.Release|Any CPU.ActiveCfg = Release|Any CPU
		{38C765AE-272C-4207-8450-DCE36F53C063}.Release|Any CPU.Build.0 = Release|Any CPU
	EndGlobalSection
	GlobalSection(SolutionProperties) = preSolution
		HideSolutionNode = FALSE
	EndGlobalSection
	GlobalSection(ExtensibilityGlobals) = postSolution
		SolutionGuid = {DF2A375E-DEF6-48AB-B1B6-25DA54BB0910}
	EndGlobalSection
EndGlobal
